
Microsoft Visual Studio Solution File, Format Version 12.00
# Visual Studio Version 17
VisualStudioVersion = 17.5.33414.496
MinimumVisualStudioVersion = 10.0.40219.1
Project("{2150E333-8FDC-42A3-9474-1A3956D46DE8}") = "Services", "Services", "{85C0AA3B-98B7-4529-BF3F-572A59B3FD31}"
EndProject
Project("{2150E333-8FDC-42A3-9474-1A3956D46DE8}") = "Catalog", "Catalog", "{CB2C60CC-D7DE-4768-8099-69C1C2CB274A}"
EndProject
Project("{9A19103F-16F7-4668-BE54-9A1E7A4F7556}") = "Kurs.Services.Catalog", "Services\Catalog\Kurs.Services.Catalog\Kurs.Services.Catalog.csproj", "{B2DAA24A-1389-4B73-8CC6-235B07C33888}"
EndProject
Project("{2150E333-8FDC-42A3-9474-1A3956D46DE8}") = "Solution Items", "Solution Items", "{501CA7CA-644F-441B-BD21-BD3E0565E24D}"
	ProjectSection(SolutionItems) = preProject
		Ports.txt = Ports.txt
	EndProjectSection
EndProject
Project("{2150E333-8FDC-42A3-9474-1A3956D46DE8}") = "Shared", "Shared", "{8704D47C-CA5F-41EA-BEC7-0CEE351AFC24}"
EndProject
Project("{9A19103F-16F7-4668-BE54-9A1E7A4F7556}") = "Kurs.Shared", "Kurs.Shared\Kurs.Shared.csproj", "{873DBC5B-F25D-4A27-B2EA-362B8B446AD8}"
EndProject
Project("{2150E333-8FDC-42A3-9474-1A3956D46DE8}") = "IdentityServer", "IdentityServer", "{B8CC501A-4AFF-41D3-88E0-94516272FD35}"
EndProject
Project("{9A19103F-16F7-4668-BE54-9A1E7A4F7556}") = "Kurs.IdentityServer", "IdentityServer\Kurs.IdentityServer\Kurs.IdentityServer.csproj", "{E216EF8D-01B4-4A98-B0DF-D6B3EB26919C}"
EndProject
Project("{2150E333-8FDC-42A3-9474-1A3956D46DE8}") = "PhotoStock", "PhotoStock", "{5C53D10F-7EF1-453F-8703-C89F2E401961}"
EndProject
Project("{9A19103F-16F7-4668-BE54-9A1E7A4F7556}") = "Kurs.Services.PhotoStock", "Services\PhotoStock\Kurs.Services.PhotoStock\Kurs.Services.PhotoStock.csproj", "{8BE44E97-11DB-4DED-86FA-551F7A38287E}"
EndProject
Project("{2150E333-8FDC-42A3-9474-1A3956D46DE8}") = "Basket", "Basket", "{E820CBA3-B85C-4074-B86E-126BBF9A627B}"
EndProject
Project("{2150E333-8FDC-42A3-9474-1A3956D46DE8}") = "Discount", "Discount", "{0CFCB33D-6C28-4541-8934-E7CC2729606E}"
EndProject
Project("{9A19103F-16F7-4668-BE54-9A1E7A4F7556}") = "Kurs.Services.Discount", "Services\Discount\Kurs.Services.Discount\Kurs.Services.Discount.csproj", "{76FC0187-8808-4F12-9A82-73E93AF26B05}"
EndProject
Project("{2150E333-8FDC-42A3-9474-1A3956D46DE8}") = "Order", "Order", "{5FAA73AA-A488-44E7-B8CC-88111B4E8807}"
EndProject
Project("{9A19103F-16F7-4668-BE54-9A1E7A4F7556}") = "Kurs.Services.Order.Domain", "Services\Order\Kurs.Services.Order.Domain\Kurs.Services.Order.Domain.csproj", "{5731DAE0-E586-4561-8D8E-86696FF71771}"
EndProject
Project("{9A19103F-16F7-4668-BE54-9A1E7A4F7556}") = "Kurs.Services.Order.Domain.Core", "Services\Order\Kurs.Services.Order.Core\Kurs.Services.Order.Domain.Core.csproj", "{7FA79526-9EEF-43B4-84E5-72B4DE3ACDB3}"
EndProject
Project("{9A19103F-16F7-4668-BE54-9A1E7A4F7556}") = "Kurs.Services.Order.Insfrastructure", "Services\Order\Kurs.Services.Order.Instrastructure\Kurs.Services.Order.Insfrastructure.csproj", "{57129163-40F8-42A5-9582-69B082EF8C1A}"
EndProject
Project("{9A19103F-16F7-4668-BE54-9A1E7A4F7556}") = "Kurs.Services.Order.Application", "Services\Order\Kurs.Services.Order.Application\Kurs.Services.Order.Application.csproj", "{4A34B722-F920-4FE5-B396-55B421134F72}"
EndProject
Project("{9A19103F-16F7-4668-BE54-9A1E7A4F7556}") = "Kurs.Services.Order.API", "Services\Order\Kurs.Services.Order.API\Kurs.Services.Order.API.csproj", "{0F5A7BA1-A651-457B-BF70-CD12D667BBBE}"
EndProject
Project("{2150E333-8FDC-42A3-9474-1A3956D46DE8}") = "FakePayment", "FakePayment", "{D2E4CD0F-0C78-45A9-9876-43293918D5CB}"
EndProject
Project("{9A19103F-16F7-4668-BE54-9A1E7A4F7556}") = "Kurs.Services.FakePayment", "Services\FakePayment\Kurs.Services.FakePayment\Kurs.Services.FakePayment.csproj", "{A485FE8C-382A-4C88-AC10-520DDBCAF0C6}"
EndProject
Project("{2150E333-8FDC-42A3-9474-1A3956D46DE8}") = "Gateways", "Gateways", "{B22D19B8-21C9-4C4F-9355-C51E539616C0}"
EndProject
Project("{9A19103F-16F7-4668-BE54-9A1E7A4F7556}") = "Kurs.Gateway", "Gateways\Kurs.Gateway\Kurs.Gateway.csproj", "{6EB137C0-3062-4DFE-AAB6-6FA4DBD93623}"
EndProject
Project("{2150E333-8FDC-42A3-9474-1A3956D46DE8}") = "Frontends", "Frontends", "{46C6F229-C70F-48A8-BA01-003E05EFDBF5}"
EndProject
Project("{9A19103F-16F7-4668-BE54-9A1E7A4F7556}") = "Kurs.Web", "Frontends\Kurs.Web\Kurs.Web.csproj", "{A8A9BA52-F37F-45D4-8BF9-48701230F8E0}"
EndProject
Project("{9A19103F-16F7-4668-BE54-9A1E7A4F7556}") = "Kurs.Services.Basket", "Services\Basket\Kurs.Services.Basket\Kurs.Services.Basket.csproj", "{FC1DBD1D-A307-4D23-8F70-A5B176F3EE40}"
EndProject
Global
	GlobalSection(SolutionConfigurationPlatforms) = preSolution
		Debug|Any CPU = Debug|Any CPU
		Release|Any CPU = Release|Any CPU
	EndGlobalSection
	GlobalSection(ProjectConfigurationPlatforms) = postSolution
		{B2DAA24A-1389-4B73-8CC6-235B07C33888}.Debug|Any CPU.ActiveCfg = Debug|Any CPU
		{B2DAA24A-1389-4B73-8CC6-235B07C33888}.Debug|Any CPU.Build.0 = Debug|Any CPU
		{B2DAA24A-1389-4B73-8CC6-235B07C33888}.Release|Any CPU.ActiveCfg = Release|Any CPU
		{B2DAA24A-1389-4B73-8CC6-235B07C33888}.Release|Any CPU.Build.0 = Release|Any CPU
		{873DBC5B-F25D-4A27-B2EA-362B8B446AD8}.Debug|Any CPU.ActiveCfg = Debug|Any CPU
		{873DBC5B-F25D-4A27-B2EA-362B8B446AD8}.Debug|Any CPU.Build.0 = Debug|Any CPU
		{873DBC5B-F25D-4A27-B2EA-362B8B446AD8}.Release|Any CPU.ActiveCfg = Release|Any CPU
		{873DBC5B-F25D-4A27-B2EA-362B8B446AD8}.Release|Any CPU.Build.0 = Release|Any CPU
		{E216EF8D-01B4-4A98-B0DF-D6B3EB26919C}.Debug|Any CPU.ActiveCfg = Debug|Any CPU
		{E216EF8D-01B4-4A98-B0DF-D6B3EB26919C}.Debug|Any CPU.Build.0 = Debug|Any CPU
		{E216EF8D-01B4-4A98-B0DF-D6B3EB26919C}.Release|Any CPU.ActiveCfg = Release|Any CPU
		{E216EF8D-01B4-4A98-B0DF-D6B3EB26919C}.Release|Any CPU.Build.0 = Release|Any CPU
		{8BE44E97-11DB-4DED-86FA-551F7A38287E}.Debug|Any CPU.ActiveCfg = Debug|Any CPU
		{8BE44E97-11DB-4DED-86FA-551F7A38287E}.Debug|Any CPU.Build.0 = Debug|Any CPU
		{8BE44E97-11DB-4DED-86FA-551F7A38287E}.Release|Any CPU.ActiveCfg = Release|Any CPU
		{8BE44E97-11DB-4DED-86FA-551F7A38287E}.Release|Any CPU.Build.0 = Release|Any CPU
		{76FC0187-8808-4F12-9A82-73E93AF26B05}.Debug|Any CPU.ActiveCfg = Debug|Any CPU
		{76FC0187-8808-4F12-9A82-73E93AF26B05}.Debug|Any CPU.Build.0 = Debug|Any CPU
		{76FC0187-8808-4F12-9A82-73E93AF26B05}.Release|Any CPU.ActiveCfg = Release|Any CPU
		{76FC0187-8808-4F12-9A82-73E93AF26B05}.Release|Any CPU.Build.0 = Release|Any CPU
		{5731DAE0-E586-4561-8D8E-86696FF71771}.Debug|Any CPU.ActiveCfg = Debug|Any CPU
		{5731DAE0-E586-4561-8D8E-86696FF71771}.Debug|Any CPU.Build.0 = Debug|Any CPU
		{5731DAE0-E586-4561-8D8E-86696FF71771}.Release|Any CPU.ActiveCfg = Release|Any CPU
		{5731DAE0-E586-4561-8D8E-86696FF71771}.Release|Any CPU.Build.0 = Release|Any CPU
		{7FA79526-9EEF-43B4-84E5-72B4DE3ACDB3}.Debug|Any CPU.ActiveCfg = Debug|Any CPU
		{7FA79526-9EEF-43B4-84E5-72B4DE3ACDB3}.Debug|Any CPU.Build.0 = Debug|Any CPU
		{7FA79526-9EEF-43B4-84E5-72B4DE3ACDB3}.Release|Any CPU.ActiveCfg = Release|Any CPU
		{7FA79526-9EEF-43B4-84E5-72B4DE3ACDB3}.Release|Any CPU.Build.0 = Release|Any CPU
		{57129163-40F8-42A5-9582-69B082EF8C1A}.Debug|Any CPU.ActiveCfg = Debug|Any CPU
		{57129163-40F8-42A5-9582-69B082EF8C1A}.Debug|Any CPU.Build.0 = Debug|Any CPU
		{57129163-40F8-42A5-9582-69B082EF8C1A}.Release|Any CPU.ActiveCfg = Release|Any CPU
		{57129163-40F8-42A5-9582-69B082EF8C1A}.Release|Any CPU.Build.0 = Release|Any CPU
		{4A34B722-F920-4FE5-B396-55B421134F72}.Debug|Any CPU.ActiveCfg = Debug|Any CPU
		{4A34B722-F920-4FE5-B396-55B421134F72}.Debug|Any CPU.Build.0 = Debug|Any CPU
		{4A34B722-F920-4FE5-B396-55B421134F72}.Release|Any CPU.ActiveCfg = Release|Any CPU
		{4A34B722-F920-4FE5-B396-55B421134F72}.Release|Any CPU.Build.0 = Release|Any CPU
		{0F5A7BA1-A651-457B-BF70-CD12D667BBBE}.Debug|Any CPU.ActiveCfg = Debug|Any CPU
		{0F5A7BA1-A651-457B-BF70-CD12D667BBBE}.Debug|Any CPU.Build.0 = Debug|Any CPU
		{0F5A7BA1-A651-457B-BF70-CD12D667BBBE}.Release|Any CPU.ActiveCfg = Release|Any CPU
		{0F5A7BA1-A651-457B-BF70-CD12D667BBBE}.Release|Any CPU.Build.0 = Release|Any CPU
		{A485FE8C-382A-4C88-AC10-520DDBCAF0C6}.Debug|Any CPU.ActiveCfg = Debug|Any CPU
		{A485FE8C-382A-4C88-AC10-520DDBCAF0C6}.Debug|Any CPU.Build.0 = Debug|Any CPU
		{A485FE8C-382A-4C88-AC10-520DDBCAF0C6}.Release|Any CPU.ActiveCfg = Release|Any CPU
		{A485FE8C-382A-4C88-AC10-520DDBCAF0C6}.Release|Any CPU.Build.0 = Release|Any CPU
		{6EB137C0-3062-4DFE-AAB6-6FA4DBD93623}.Debug|Any CPU.ActiveCfg = Debug|Any CPU
		{6EB137C0-3062-4DFE-AAB6-6FA4DBD93623}.Debug|Any CPU.Build.0 = Debug|Any CPU
		{6EB137C0-3062-4DFE-AAB6-6FA4DBD93623}.Release|Any CPU.ActiveCfg = Release|Any CPU
		{6EB137C0-3062-4DFE-AAB6-6FA4DBD93623}.Release|Any CPU.Build.0 = Release|Any CPU
		{A8A9BA52-F37F-45D4-8BF9-48701230F8E0}.Debug|Any CPU.ActiveCfg = Debug|Any CPU
		{A8A9BA52-F37F-45D4-8BF9-48701230F8E0}.Debug|Any CPU.Build.0 = Debug|Any CPU
		{A8A9BA52-F37F-45D4-8BF9-48701230F8E0}.Release|Any CPU.ActiveCfg = Release|Any CPU
		{A8A9BA52-F37F-45D4-8BF9-48701230F8E0}.Release|Any CPU.Build.0 = Release|Any CPU
		{FC1DBD1D-A307-4D23-8F70-A5B176F3EE40}.Debug|Any CPU.ActiveCfg = Debug|Any CPU
		{FC1DBD1D-A307-4D23-8F70-A5B176F3EE40}.Debug|Any CPU.Build.0 = Debug|Any CPU
		{FC1DBD1D-A307-4D23-8F70-A5B176F3EE40}.Release|Any CPU.ActiveCfg = Release|Any CPU
		{FC1DBD1D-A307-4D23-8F70-A5B176F3EE40}.Release|Any CPU.Build.0 = Release|Any CPU
	EndGlobalSection
	GlobalSection(SolutionProperties) = preSolution
		HideSolutionNode = FALSE
	EndGlobalSection
	GlobalSection(NestedProjects) = preSolution
		{CB2C60CC-D7DE-4768-8099-69C1C2CB274A} = {85C0AA3B-98B7-4529-BF3F-572A59B3FD31}
		{B2DAA24A-1389-4B73-8CC6-235B07C33888} = {CB2C60CC-D7DE-4768-8099-69C1C2CB274A}
		{873DBC5B-F25D-4A27-B2EA-362B8B446AD8} = {8704D47C-CA5F-41EA-BEC7-0CEE351AFC24}
		{E216EF8D-01B4-4A98-B0DF-D6B3EB26919C} = {B8CC501A-4AFF-41D3-88E0-94516272FD35}
		{5C53D10F-7EF1-453F-8703-C89F2E401961} = {85C0AA3B-98B7-4529-BF3F-572A59B3FD31}
		{8BE44E97-11DB-4DED-86FA-551F7A38287E} = {5C53D10F-7EF1-453F-8703-C89F2E401961}
		{E820CBA3-B85C-4074-B86E-126BBF9A627B} = {85C0AA3B-98B7-4529-BF3F-572A59B3FD31}
		{0CFCB33D-6C28-4541-8934-E7CC2729606E} = {85C0AA3B-98B7-4529-BF3F-572A59B3FD31}
		{76FC0187-8808-4F12-9A82-73E93AF26B05} = {0CFCB33D-6C28-4541-8934-E7CC2729606E}
		{5FAA73AA-A488-44E7-B8CC-88111B4E8807} = {85C0AA3B-98B7-4529-BF3F-572A59B3FD31}
		{5731DAE0-E586-4561-8D8E-86696FF71771} = {5FAA73AA-A488-44E7-B8CC-88111B4E8807}
		{7FA79526-9EEF-43B4-84E5-72B4DE3ACDB3} = {5FAA73AA-A488-44E7-B8CC-88111B4E8807}
		{57129163-40F8-42A5-9582-69B082EF8C1A} = {5FAA73AA-A488-44E7-B8CC-88111B4E8807}
		{4A34B722-F920-4FE5-B396-55B421134F72} = {5FAA73AA-A488-44E7-B8CC-88111B4E8807}
		{0F5A7BA1-A651-457B-BF70-CD12D667BBBE} = {5FAA73AA-A488-44E7-B8CC-88111B4E8807}
		{D2E4CD0F-0C78-45A9-9876-43293918D5CB} = {85C0AA3B-98B7-4529-BF3F-572A59B3FD31}
		{A485FE8C-382A-4C88-AC10-520DDBCAF0C6} = {D2E4CD0F-0C78-45A9-9876-43293918D5CB}
		{6EB137C0-3062-4DFE-AAB6-6FA4DBD93623} = {B22D19B8-21C9-4C4F-9355-C51E539616C0}
		{A8A9BA52-F37F-45D4-8BF9-48701230F8E0} = {46C6F229-C70F-48A8-BA01-003E05EFDBF5}
		{FC1DBD1D-A307-4D23-8F70-A5B176F3EE40} = {E820CBA3-B85C-4074-B86E-126BBF9A627B}
	EndGlobalSection
	GlobalSection(ExtensibilityGlobals) = postSolution
		SolutionGuid = {61D00EFB-7EFF-4E88-8640-F4347752F7D2}
	EndGlobalSection
EndGlobal
